{
    "_readme": [
        "This file locks the dependencies of your project to a known state",
        "Read more about it at https://getcomposer.org/doc/01-basic-usage.md#composer-lock-the-lock-file",
        "This file is @generated automatically"
    ],
    "content-hash": "0dc81d494adf7bdc91a02856dcc38012",
    "packages": [
        {
            "name": "maxmind-db/reader",
            "version": "v1.1.3",
            "source": {
                "type": "git",
                "url": "https://github.com/maxmind/MaxMind-DB-Reader-php.git",
                "reference": "7eeccf61b078bb23bb07b1a151a7e5db52871e65"
            },
            "dist": {
                "type": "zip",
                "url": "https://api.github.com/repos/maxmind/MaxMind-DB-Reader-php/zipball/7eeccf61b078bb23bb07b1a151a7e5db52871e65",
                "reference": "7eeccf61b078bb23bb07b1a151a7e5db52871e65",
                "shasum": ""
            },
            "require": {
                "php": ">=5.3.1"
            },
            "require-dev": {
                "phpunit/phpunit": "4.2.*",
                "satooshi/php-coveralls": "1.0.*",
                "squizlabs/php_codesniffer": "2.*"
            },
            "suggest": {
                "ext-bcmath": "bcmath or gmp is requred for decoding larger integers with the pure PHP decoder",
                "ext-gmp": "bcmath or gmp is requred for decoding larger integers with the pure PHP decoder",
                "ext-maxminddb": "A C-based database decoder that provides significantly faster lookups"
            },
            "type": "library",
            "autoload": {
                "psr-4": {
                    "MaxMind\\Db\\": "src/MaxMind/Db"
                }
            },
            "notification-url": "https://packagist.org/downloads/",
            "license": [
                "Apache-2.0"
            ],
            "authors": [
                {
                    "name": "Gregory J. Oschwald",
                    "email": "goschwald@maxmind.com",
                    "homepage": "http://www.maxmind.com/"
                }
            ],
            "description": "MaxMind DB Reader API",
            "homepage": "https://github.com/maxmind/MaxMind-DB-Reader-php",
            "keywords": [
                "database",
                "geoip",
                "geoip2",
                "geolocation",
                "maxmind"
            ],
            "time": "2017-01-19T23:49:38+00:00"
        },
        {
            "name": "sciactive/nymph-server",
            "version": "2.2.0",
            "source": {
                "type": "git",
                "url": "https://github.com/sciactive/nymph-server.git",
                "reference": "cfa671e4e8cb8a81de7742a9324b51b145199c1f"
            },
            "dist": {
                "type": "zip",
                "url": "https://api.github.com/repos/sciactive/nymph-server/zipball/cfa671e4e8cb8a81de7742a9324b51b145199c1f",
                "reference": "cfa671e4e8cb8a81de7742a9324b51b145199c1f",
                "shasum": ""
            },
            "require": {
                "sciactive/requirephp": "~1.3"
            },
            "require-dev": {
                "phpunit/phpunit": "^6.1",
                "sciactive/hookphp": "~2.0.1"
            },
            "type": "library",
            "autoload": {
                "psr-0": {
                    "Nymph\\": "src/"
                },
                "psr-4": {
                    "Nymph\\": "src/"
                }
            },
            "notification-url": "https://packagist.org/downloads/",
            "license": [
                "Apache-2.0"
            ],
            "authors": [
                {
                    "name": "Hunter Perrin",
                    "email": "hunter@sciactive.com",
                    "homepage": "https://github.com/hperrin",
                    "role": "Developer"
                }
            ],
            "description": "Powerful object data storage and querying for collaborative web apps.",
            "homepage": "http://nymph.io/",
            "keywords": [
                "Object Relational Mapping",
                "Object relational mapper",
                "mysql",
                "object data store",
                "object database",
                "orm",
                "postgres",
                "postgresql"
            ],
            "time": "2017-10-25T00:00:00+00:00"
        },
        {
            "name": "sciactive/requirephp",
            "version": "1.3.0",
            "source": {
                "type": "git",
                "url": "https://github.com/sciactive/requirephp.git",
                "reference": "3147a999d1f9a1d880223603a9d0a848334ee587"
            },
            "dist": {
                "type": "zip",
                "url": "https://api.github.com/repos/sciactive/requirephp/zipball/3147a999d1f9a1d880223603a9d0a848334ee587",
                "reference": "3147a999d1f9a1d880223603a9d0a848334ee587",
                "shasum": ""
            },
            "type": "library",
            "autoload": {
                "psr-0": {
                    "SciActive\\": "src/"
                },
                "psr-4": {
                    "SciActive\\": "src/"
                }
            },
            "notification-url": "https://packagist.org/downloads/",
            "license": [
                "LGPL"
            ],
            "authors": [
                {
                    "name": "Hunter Perrin",
                    "email": "hunter@sciactive.com",
                    "homepage": "https://github.com/hperrin",
                    "role": "Developer"
                }
            ],
            "description": "An implementation of dependency injection (like RequireJS) in PHP.",
            "homepage": "http://requirephp.org/",
            "keywords": [
                "amd",
                "dependency injection",
                "dependency injector",
                "service location",
                "service locator"
            ],
            "time": "2015-02-19T00:00:00+00:00"
        }
    ],
    "packages-dev": [],
    "aliases": [],
    "minimum-stability": "stable",
    "stability-flags": [],
    "prefer-stable": false,
    "prefer-lowest": false,
    "platform": [],
    "platform-dev": []
}
